# THIS IS AN AUTOGENERATED FILE. DO NOT EDIT THIS FILE DIRECTLY.
# yarn lockfile v1


mcfhighlight@^1.0.0:
  version "1.0.0"
  resolved "https://registry.yarnpkg.com/mcfhighlight/-/mcfhighlight-1.0.0.tgz#14bb815f29f2d4796a5e56ecf3f37149beca0d7a"
  integrity sha512-OhrRNvzzKCoeaZ3NMw6rYhEuJUfMSgjAXxatxVZTp2gn3GKurnpxhYaaiG0tyu8zSvWW+OMy2ZwXoH1usCncew==
